
Microsoft Visual Studio Solution File, Format Version 12.00
# Visual Studio 15
Project("{FAE04EC0-301F-11D3-BF4B-00C04F79EFBC}") = "Rest.API.Testing", "Rest.API.Testing\Rest.API.Testing.csproj", "{169137F1-5A8C-461C-B330-5467D9DA645A}"
EndProject
Global
	GlobalSection(SolutionConfigurationPlatforms) = preSolution
		Debug|Any CPU = Debug|Any CPU
		Release|Any CPU = Release|Any CPU
	EndGlobalSection
	GlobalSection(ProjectConfigurationPlatforms) = postSolution
		{169137F1-5A8C-461C-B330-5467D9DA645A}.Debug|Any CPU.ActiveCfg = Debug|Any CPU
		{169137F1-5A8C-461C-B330-5467D9DA645A}.Debug|Any CPU.Build.0 = Debug|Any CPU
		{169137F1-5A8C-461C-B330-5467D9DA645A}.Release|Any CPU.ActiveCfg = Release|Any CPU
		{169137F1-5A8C-461C-B330-5467D9DA645A}.Release|Any CPU.Build.0 = Release|Any CPU
	EndGlobalSection
EndGlobal
